
Microsoft Visual Studio Solution File, Format Version 12.00
# Visual Studio Version 17
VisualStudioVersion = 17.5.33530.505
MinimumVisualStudioVersion = 10.0.40219.1
Project("{FAE04EC0-301F-11D3-BF4B-00C04F79EFBC}") = "OpenSilverLeakExample.Browser", "OpenSilverLeakExample.Browser\OpenSilverLeakExample.Browser.csproj", "{D7F28DEE-D437-4CFA-892B-A83096C31B28}"
EndProject
Project("{FAE04EC0-301F-11D3-BF4B-00C04F79EFBC}") = "OpenSilverLeakExample", "OpenSilverLeakExample\OpenSilverLeakExample.csproj", "{038C8B2E-CC69-46B5-90F8-78EAB64BC6DC}"
EndProject
Project("{FAE04EC0-301F-11D3-BF4B-00C04F79EFBC}") = "OpenSilverLeakExample.Simulator", "OpenSilverLeakExample.Simulator\OpenSilverLeakExample.Simulator.csproj", "{AA458AE9-C687-45B3-BB77-AF5CB381F87F}"
EndProject
Global
	GlobalSection(SolutionConfigurationPlatforms) = preSolution
		Debug|Any CPU = Debug|Any CPU
		Release|Any CPU = Release|Any CPU
	EndGlobalSection
	GlobalSection(ProjectConfigurationPlatforms) = postSolution
		{D7F28DEE-D437-4CFA-892B-A83096C31B28}.Debug|Any CPU.ActiveCfg = Debug|Any CPU
		{D7F28DEE-D437-4CFA-892B-A83096C31B28}.Debug|Any CPU.Build.0 = Debug|Any CPU
		{D7F28DEE-D437-4CFA-892B-A83096C31B28}.Release|Any CPU.ActiveCfg = Release|Any CPU
		{D7F28DEE-D437-4CFA-892B-A83096C31B28}.Release|Any CPU.Build.0 = Release|Any CPU
		{038C8B2E-CC69-46B5-90F8-78EAB64BC6DC}.Debug|Any CPU.ActiveCfg = Debug|Any CPU
		{038C8B2E-CC69-46B5-90F8-78EAB64BC6DC}.Debug|Any CPU.Build.0 = Debug|Any CPU
		{038C8B2E-CC69-46B5-90F8-78EAB64BC6DC}.Release|Any CPU.ActiveCfg = Release|Any CPU
		{038C8B2E-CC69-46B5-90F8-78EAB64BC6DC}.Release|Any CPU.Build.0 = Release|Any CPU
		{AA458AE9-C687-45B3-BB77-AF5CB381F87F}.Debug|Any CPU.ActiveCfg = Debug|Any CPU
		{AA458AE9-C687-45B3-BB77-AF5CB381F87F}.Debug|Any CPU.Build.0 = Debug|Any CPU
		{AA458AE9-C687-45B3-BB77-AF5CB381F87F}.Release|Any CPU.ActiveCfg = Release|Any CPU
		{AA458AE9-C687-45B3-BB77-AF5CB381F87F}.Release|Any CPU.Build.0 = Release|Any CPU
	EndGlobalSection
	GlobalSection(SolutionProperties) = preSolution
		HideSolutionNode = FALSE
	EndGlobalSection
	GlobalSection(ExtensibilityGlobals) = postSolution
		SolutionGuid = {1B37104C-28D0-4048-A407-11B98B95033B}
	EndGlobalSection
EndGlobal
